// !$*UTF8*$!
{
	archiveVersion = 1;
	classes = {
	};
	objectVersion = 50;
	objects = {

/* Begin PBXBuildFile section */
		F833278E21BF75F500883655 /* SoundManager.swift in Sources */ = {isa = PBXBuildFile; fileRef = F833278D21BF75F500883655 /* SoundManager.swift */; };
		F84DA7B321A24D4300CC47FA /* shot.wav in Resources */ = {isa = PBXBuildFile; fileRef = F84DA79F21A24D3C00CC47FA /* shot.wav */; };
		F84DA7B421A24D4300CC47FA /* bonus-appeared.wav in Resources */ = {isa = PBXBuildFile; fileRef = F84DA7A021A24D3D00CC47FA /* bonus-appeared.wav */; };
		F84DA7B521A24D4300CC47FA /* tank-stay.wav in Resources */ = {isa = PBXBuildFile; fileRef = F84DA7A121A24D3D00CC47FA /* tank-stay.wav */; };
		F84DA7B621A24D4300CC47FA /* evemy-destroyed.wav in Resources */ = {isa = PBXBuildFile; fileRef = F84DA7A221A24D3E00CC47FA /* evemy-destroyed.wav */; };
		F84DA7B721A24D4300CC47FA /* bonus-taken.wav in Resources */ = {isa = PBXBuildFile; fileRef = F84DA7A321A24D3E00CC47FA /* bonus-taken.wav */; };
		F84DA7B821A24D4300CC47FA /* Battle City SFX (9).wav in Resources */ = {isa = PBXBuildFile; fileRef = F84DA7A421A24D3F00CC47FA /* Battle City SFX (9).wav */; };
		F84DA7B921A24D4300CC47FA /* Battle City SFX (8).wav in Resources */ = {isa = PBXBuildFile; fileRef = F84DA7A521A24D3F00CC47FA /* Battle City SFX (8).wav */; };
		F84DA7BA21A24D4300CC47FA /* get-extra-life.wav in Resources */ = {isa = PBXBuildFile; fileRef = F84DA7A621A24D3F00CC47FA /* get-extra-life.wav */; };
		F84DA7BB21A24D4300CC47FA /* ice-sledge.wav in Resources */ = {isa = PBXBuildFile; fileRef = F84DA7A721A24D4000CC47FA /* ice-sledge.wav */; };
		F84DA7BC21A24D4300CC47FA /* credits-new-record.mp3 in Resources */ = {isa = PBXBuildFile; fileRef = F84DA7A821A24D4000CC47FA /* credits-new-record.mp3 */; };
		F84DA7BD21A24D4300CC47FA /* hit-undestractable.wav in Resources */ = {isa = PBXBuildFile; fileRef = F84DA7A921A24D4000CC47FA /* hit-undestractable.wav */; };
		F84DA7BE21A24D4300CC47FA /* hit-desctructuble.wav in Resources */ = {isa = PBXBuildFile; fileRef = F84DA7AA21A24D4100CC47FA /* hit-desctructuble.wav */; };
		F84DA7BF21A24D4300CC47FA /* points-counter-tick.wav in Resources */ = {isa = PBXBuildFile; fileRef = F84DA7AB21A24D4100CC47FA /* points-counter-tick.wav */; };
		F84DA7C021A24D4300CC47FA /* armor-tank-damage.wav in Resources */ = {isa = PBXBuildFile; fileRef = F84DA7AC21A24D4100CC47FA /* armor-tank-damage.wav */; };
		F84DA7C121A24D4300CC47FA /* tank-march.wav in Resources */ = {isa = PBXBuildFile; fileRef = F84DA7AD21A24D4200CC47FA /* tank-march.wav */; };
		F84DA7C221A24D4300CC47FA /* points-counter-bonus.wav in Resources */ = {isa = PBXBuildFile; fileRef = F84DA7AE21A24D4200CC47FA /* points-counter-bonus.wav */; };
		F84DA7C321A24D4300CC47FA /* pause.wav in Resources */ = {isa = PBXBuildFile; fileRef = F84DA7AF21A24D4200CC47FA /* pause.wav */; };
		F84DA7C421A24D4300CC47FA /* start-level.mp3 in Resources */ = {isa = PBXBuildFile; fileRef = F84DA7B021A24D4300CC47FA /* start-level.mp3 */; };
		F84DA7C521A24D4300CC47FA /* player-destroyed.wav in Resources */ = {isa = PBXBuildFile; fileRef = F84DA7B121A24D4300CC47FA /* player-destroyed.wav */; };
		F84DA7C721A24DC300CC47FA /* game-over.wav in Resources */ = {isa = PBXBuildFile; fileRef = F84DA7C621A24DC300CC47FA /* game-over.wav */; };
		F86C6EF721A1B35400D65A36 /* PrStart.ttf in Resources */ = {isa = PBXBuildFile; fileRef = F86C6EF621A1B35400D65A36 /* PrStart.ttf */; };
		F8CCA4A621A1B844006014EF /* MainGameScene.swift in Sources */ = {isa = PBXBuildFile; fileRef = F8CCA4A521A1B844006014EF /* MainGameScene.swift */; };
		F8CCA4A821A1BD4F006014EF /* Utils.swift in Sources */ = {isa = PBXBuildFile; fileRef = F8CCA4A721A1BD4F006014EF /* Utils.swift */; };
		F8E6E00E21A19FB600124C37 /* AppDelegate.swift in Sources */ = {isa = PBXBuildFile; fileRef = F8E6E00D21A19FB600124C37 /* AppDelegate.swift */; };
		F8E6E01021A19FB600124C37 /* MainGameScene.sks in Resources */ = {isa = PBXBuildFile; fileRef = F8E6E00F21A19FB600124C37 /* MainGameScene.sks */; };
		F8E6E01621A19FB600124C37 /* ViewController.swift in Sources */ = {isa = PBXBuildFile; fileRef = F8E6E01521A19FB600124C37 /* ViewController.swift */; };
		F8E6E01821A19FB700124C37 /* Assets.xcassets in Resources */ = {isa = PBXBuildFile; fileRef = F8E6E01721A19FB700124C37 /* Assets.xcassets */; };
		F8E6E01B21A19FB700124C37 /* Main.storyboard in Resources */ = {isa = PBXBuildFile; fileRef = F8E6E01921A19FB700124C37 /* Main.storyboard */; };
/* End PBXBuildFile section */

/* Begin PBXFileReference section */
		F833278D21BF75F500883655 /* SoundManager.swift */ = {isa = PBXFileReference; lastKnownFileType = sourcecode.swift; path = SoundManager.swift; sourceTree = "<group>"; };
		F84DA79C21A23E5000CC47FA /* prstartk.ttf */ = {isa = PBXFileReference; lastKnownFileType = file; path = prstartk.ttf; sourceTree = "<group>"; };
		F84DA79F21A24D3C00CC47FA /* shot.wav */ = {isa = PBXFileReference; lastKnownFileType = audio.wav; path = shot.wav; sourceTree = "<group>"; };
		F84DA7A021A24D3D00CC47FA /* bonus-appeared.wav */ = {isa = PBXFileReference; lastKnownFileType = audio.wav; path = "bonus-appeared.wav"; sourceTree = "<group>"; };
		F84DA7A121A24D3D00CC47FA /* tank-stay.wav */ = {isa = PBXFileReference; lastKnownFileType = audio.wav; path = "tank-stay.wav"; sourceTree = "<group>"; };
		F84DA7A221A24D3E00CC47FA /* evemy-destroyed.wav */ = {isa = PBXFileReference; lastKnownFileType = audio.wav; path = "evemy-destroyed.wav"; sourceTree = "<group>"; };
		F84DA7A321A24D3E00CC47FA /* bonus-taken.wav */ = {isa = PBXFileReference; lastKnownFileType = audio.wav; path = "bonus-taken.wav"; sourceTree = "<group>"; };
		F84DA7A421A24D3F00CC47FA /* Battle City SFX (9).wav */ = {isa = PBXFileReference; lastKnownFileType = audio.wav; path = "Battle City SFX (9).wav"; sourceTree = "<group>"; };
		F84DA7A521A24D3F00CC47FA /* Battle City SFX (8).wav */ = {isa = PBXFileReference; lastKnownFileType = audio.wav; path = "Battle City SFX (8).wav"; sourceTree = "<group>"; };
		F84DA7A621A24D3F00CC47FA /* get-extra-life.wav */ = {isa = PBXFileReference; lastKnownFileType = audio.wav; path = "get-extra-life.wav"; sourceTree = "<group>"; };
		F84DA7A721A24D4000CC47FA /* ice-sledge.wav */ = {isa = PBXFileReference; lastKnownFileType = audio.wav; path = "ice-sledge.wav"; sourceTree = "<group>"; };
		F84DA7A821A24D4000CC47FA /* credits-new-record.mp3 */ = {isa = PBXFileReference; lastKnownFileType = audio.mp3; path = "credits-new-record.mp3"; sourceTree = "<group>"; };
		F84DA7A921A24D4000CC47FA /* hit-undestractable.wav */ = {isa = PBXFileReference; lastKnownFileType = audio.wav; path = "hit-undestractable.wav"; sourceTree = "<group>"; };
		F84DA7AA21A24D4100CC47FA /* hit-desctructuble.wav */ = {isa = PBXFileReference; lastKnownFileType = audio.wav; path = "hit-desctructuble.wav"; sourceTree = "<group>"; };
		F84DA7AB21A24D4100CC47FA /* points-counter-tick.wav */ = {isa = PBXFileReference; lastKnownFileType = audio.wav; path = "points-counter-tick.wav"; sourceTree = "<group>"; };
		F84DA7AC21A24D4100CC47FA /* armor-tank-damage.wav */ = {isa = PBXFileReference; lastKnownFileType = audio.wav; path = "armor-tank-damage.wav"; sourceTree = "<group>"; };
		F84DA7AD21A24D4200CC47FA /* tank-march.wav */ = {isa = PBXFileReference; lastKnownFileType = audio.wav; path = "tank-march.wav"; sourceTree = "<group>"; };
		F84DA7AE21A24D4200CC47FA /* points-counter-bonus.wav */ = {isa = PBXFileReference; lastKnownFileType = audio.wav; path = "points-counter-bonus.wav"; sourceTree = "<group>"; };
		F84DA7AF21A24D4200CC47FA /* pause.wav */ = {isa = PBXFileReference; lastKnownFileType = audio.wav; path = pause.wav; sourceTree = "<group>"; };
		F84DA7B021A24D4300CC47FA /* start-level.mp3 */ = {isa = PBXFileReference; lastKnownFileType = audio.mp3; path = "start-level.mp3"; sourceTree = "<group>"; };
		F84DA7B121A24D4300CC47FA /* player-destroyed.wav */ = {isa = PBXFileReference; lastKnownFileType = audio.wav; path = "player-destroyed.wav"; sourceTree = "<group>"; };
		F84DA7C621A24DC300CC47FA /* game-over.wav */ = {isa = PBXFileReference; lastKnownFileType = audio.wav; path = "game-over.wav"; sourceTree = "<group>"; };
		F86C6EF621A1B35400D65A36 /* PrStart.ttf */ = {isa = PBXFileReference; lastKnownFileType = file; path = PrStart.ttf; sourceTree = "<group>"; };
		F8CCA4A521A1B844006014EF /* MainGameScene.swift */ = {isa = PBXFileReference; lastKnownFileType = sourcecode.swift; path = MainGameScene.swift; sourceTree = "<group>"; };
		F8CCA4A721A1BD4F006014EF /* Utils.swift */ = {isa = PBXFileReference; lastKnownFileType = sourcecode.swift; path = Utils.swift; sourceTree = "<group>"; };
		F8E6E00A21A19FB600124C37 /* BattleCityClone.app */ = {isa = PBXFileReference; explicitFileType = wrapper.application; includeInIndex = 0; path = BattleCityClone.app; sourceTree = BUILT_PRODUCTS_DIR; };
		F8E6E00D21A19FB600124C37 /* AppDelegate.swift */ = {isa = PBXFileReference; lastKnownFileType = sourcecode.swift; path = AppDelegate.swift; sourceTree = "<group>"; };
		F8E6E00F21A19FB600124C37 /* MainGameScene.sks */ = {isa = PBXFileReference; lastKnownFileType = file.sks; path = MainGameScene.sks; sourceTree = "<group>"; };
		F8E6E01521A19FB600124C37 /* ViewController.swift */ = {isa = PBXFileReference; lastKnownFileType = sourcecode.swift; path = ViewController.swift; sourceTree = "<group>"; };
		F8E6E01721A19FB700124C37 /* Assets.xcassets */ = {isa = PBXFileReference; lastKnownFileType = folder.assetcatalog; path = Assets.xcassets; sourceTree = "<group>"; };
		F8E6E01A21A19FB700124C37 /* Base */ = {isa = PBXFileReference; lastKnownFileType = file.storyboard; name = Base; path = Base.lproj/Main.storyboard; sourceTree = "<group>"; };
		F8E6E01C21A19FB700124C37 /* Info.plist */ = {isa = PBXFileReference; lastKnownFileType = text.plist.xml; path = Info.plist; sourceTree = "<group>"; };
		F8E6E01D21A19FB700124C37 /* BattleCityClone.entitlements */ = {isa = PBXFileReference; lastKnownFileType = text.plist.entitlements; path = BattleCityClone.entitlements; sourceTree = "<group>"; };
/* End PBXFileReference section */

/* Begin PBXFrameworksBuildPhase section */
		F8E6E00721A19FB600124C37 /* Frameworks */ = {
			isa = PBXFrameworksBuildPhase;
			buildActionMask = 2147483647;
			files = (
			);
			runOnlyForDeploymentPostprocessing = 0;
		};
/* End PBXFrameworksBuildPhase section */

/* Begin PBXGroup section */
		F84DA79D21A24D2E00CC47FA /* sound */ = {
			isa = PBXGroup;
			children = (
				F84DA7AC21A24D4100CC47FA /* armor-tank-damage.wav */,
				F84DA7A521A24D3F00CC47FA /* Battle City SFX (8).wav */,
				F84DA7A421A24D3F00CC47FA /* Battle City SFX (9).wav */,
				F84DA7A021A24D3D00CC47FA /* bonus-appeared.wav */,
				F84DA7A321A24D3E00CC47FA /* bonus-taken.wav */,
				F84DA7A221A24D3E00CC47FA /* evemy-destroyed.wav */,
				F84DA7C621A24DC300CC47FA /* game-over.wav */,
				F84DA7A621A24D3F00CC47FA /* get-extra-life.wav */,
				F84DA7AA21A24D4100CC47FA /* hit-desctructuble.wav */,
				F84DA7A921A24D4000CC47FA /* hit-undestractable.wav */,
				F84DA7A721A24D4000CC47FA /* ice-sledge.wav */,
				F84DA7A821A24D4000CC47FA /* credits-new-record.mp3 */,
				F84DA7AF21A24D4200CC47FA /* pause.wav */,
				F84DA7B121A24D4300CC47FA /* player-destroyed.wav */,
				F84DA7AE21A24D4200CC47FA /* points-counter-bonus.wav */,
				F84DA7AB21A24D4100CC47FA /* points-counter-tick.wav */,
				F84DA79F21A24D3C00CC47FA /* shot.wav */,
				F84DA7B021A24D4300CC47FA /* start-level.mp3 */,
				F84DA7AD21A24D4200CC47FA /* tank-march.wav */,
				F84DA7A121A24D3D00CC47FA /* tank-stay.wav */,
			);
			path = sound;
			sourceTree = "<group>";
		};
		F86C6EF521A1B34600D65A36 /* fonts */ = {
			isa = PBXGroup;
			children = (
				F84DA79C21A23E5000CC47FA /* prstartk.ttf */,
				F86C6EF621A1B35400D65A36 /* PrStart.ttf */,
			);
			path = fonts;
			sourceTree = "<group>";
		};
		F8E6E00121A19FB600124C37 = {
			isa = PBXGroup;
			children = (
				F8E6E00C21A19FB600124C37 /* BattleCityClone */,
				F8E6E00B21A19FB600124C37 /* Products */,
			);
			sourceTree = "<group>";
		};
		F8E6E00B21A19FB600124C37 /* Products */ = {
			isa = PBXGroup;
			children = (
				F8E6E00A21A19FB600124C37 /* BattleCityClone.app */,
			);
			name = Products;
			sourceTree = "<group>";
		};
		F8E6E00C21A19FB600124C37 /* BattleCityClone */ = {
			isa = PBXGroup;
			children = (
				F84DA79D21A24D2E00CC47FA /* sound */,
				F86C6EF521A1B34600D65A36 /* fonts */,
				F8E6E00D21A19FB600124C37 /* AppDelegate.swift */,
				F8E6E00F21A19FB600124C37 /* MainGameScene.sks */,
				F8E6E01521A19FB600124C37 /* ViewController.swift */,
				F8E6E01721A19FB700124C37 /* Assets.xcassets */,
				F8E6E01921A19FB700124C37 /* Main.storyboard */,
				F8E6E01C21A19FB700124C37 /* Info.plist */,
				F8E6E01D21A19FB700124C37 /* BattleCityClone.entitlements */,
				F8CCA4A521A1B844006014EF /* MainGameScene.swift */,
				F833278D21BF75F500883655 /* SoundManager.swift */,
				F8CCA4A721A1BD4F006014EF /* Utils.swift */,
			);
			path = BattleCityClone;
			sourceTree = "<group>";
		};
/* End PBXGroup section */

/* Begin PBXNativeTarget section */
		F8E6E00921A19FB600124C37 /* BattleCityClone */ = {
			isa = PBXNativeTarget;
			buildConfigurationList = F8E6E02021A19FB700124C37 /* Build configuration list for PBXNativeTarget "BattleCityClone" */;
			buildPhases = (
				F8E6E00621A19FB600124C37 /* Sources */,
				F8E6E00721A19FB600124C37 /* Frameworks */,
				F8E6E00821A19FB600124C37 /* Resources */,
			);
			buildRules = (
			);
			dependencies = (
			);
			name = BattleCityClone;
			productName = BattleCityClone;
			productReference = F8E6E00A21A19FB600124C37 /* BattleCityClone.app */;
			productType = "com.apple.product-type.application";
		};
/* End PBXNativeTarget section */

/* Begin PBXProject section */
		F8E6E00221A19FB600124C37 /* Project object */ = {
			isa = PBXProject;
			attributes = {
				LastSwiftUpdateCheck = 1010;
				LastUpgradeCheck = 1010;
				ORGANIZATIONNAME = oleygen;
				TargetAttributes = {
					F8E6E00921A19FB600124C37 = {
						CreatedOnToolsVersion = 10.1;
					};
				};
			};
			buildConfigurationList = F8E6E00521A19FB600124C37 /* Build configuration list for PBXProject "BattleCityClone" */;
			compatibilityVersion = "Xcode 9.3";
			developmentRegion = en;
			hasScannedForEncodings = 0;
			knownRegions = (
				en,
				Base,
			);
			mainGroup = F8E6E00121A19FB600124C37;
			productRefGroup = F8E6E00B21A19FB600124C37 /* Products */;
			projectDirPath = "";
			projectRoot = "";
			targets = (
				F8E6E00921A19FB600124C37 /* BattleCityClone */,
			);
		};
/* End PBXProject section */

/* Begin PBXResourcesBuildPhase section */
		F8E6E00821A19FB600124C37 /* Resources */ = {
			isa = PBXResourcesBuildPhase;
			buildActionMask = 2147483647;
			files = (
				F84DA7C021A24D4300CC47FA /* armor-tank-damage.wav in Resources */,
				F84DA7C321A24D4300CC47FA /* pause.wav in Resources */,
				F84DA7B321A24D4300CC47FA /* shot.wav in Resources */,
				F84DA7BC21A24D4300CC47FA /* credits-new-record.mp3 in Resources */,
				F8E6E01021A19FB600124C37 /* MainGameScene.sks in Resources */,
				F84DA7B921A24D4300CC47FA /* Battle City SFX (8).wav in Resources */,
				F84DA7C421A24D4300CC47FA /* start-level.mp3 in Resources */,
				F84DA7B521A24D4300CC47FA /* tank-stay.wav in Resources */,
				F84DA7BF21A24D4300CC47FA /* points-counter-tick.wav in Resources */,
				F84DA7BA21A24D4300CC47FA /* get-extra-life.wav in Resources */,
				F84DA7B421A24D4300CC47FA /* bonus-appeared.wav in Resources */,
				F84DA7BE21A24D4300CC47FA /* hit-desctructuble.wav in Resources */,
				F84DA7BD21A24D4300CC47FA /* hit-undestractable.wav in Resources */,
				F86C6EF721A1B35400D65A36 /* PrStart.ttf in Resources */,
				F8E6E01821A19FB700124C37 /* Assets.xcassets in Resources */,
				F84DA7C521A24D4300CC47FA /* player-destroyed.wav in Resources */,
				F84DA7C121A24D4300CC47FA /* tank-march.wav in Resources */,
				F84DA7BB21A24D4300CC47FA /* ice-sledge.wav in Resources */,
				F8E6E01B21A19FB700124C37 /* Main.storyboard in Resources */,
				F84DA7B721A24D4300CC47FA /* bonus-taken.wav in Resources */,
				F84DA7B821A24D4300CC47FA /* Battle City SFX (9).wav in Resources */,
				F84DA7C221A24D4300CC47FA /* points-counter-bonus.wav in Resources */,
				F84DA7C721A24DC300CC47FA /* game-over.wav in Resources */,
				F84DA7B621A24D4300CC47FA /* evemy-destroyed.wav in Resources */,
			);
			runOnlyForDeploymentPostprocessing = 0;
		};
/* End PBXResourcesBuildPhase section */

/* Begin PBXSourcesBuildPhase section */
		F8E6E00621A19FB600124C37 /* Sources */ = {
			isa = PBXSourcesBuildPhase;
			buildActionMask = 2147483647;
			files = (
				F8CCA4A621A1B844006014EF /* MainGameScene.swift in Sources */,
				F8E6E01621A19FB600124C37 /* ViewController.swift in Sources */,
				F8E6E00E21A19FB600124C37 /* AppDelegate.swift in Sources */,
				F8CCA4A821A1BD4F006014EF /* Utils.swift in Sources */,
				F833278E21BF75F500883655 /* SoundManager.swift in Sources */,
			);
			runOnlyForDeploymentPostprocessing = 0;
		};
/* End PBXSourcesBuildPhase section */

/* Begin PBXVariantGroup section */
		F8E6E01921A19FB700124C37 /* Main.storyboard */ = {
			isa = PBXVariantGroup;
			children = (
				F8E6E01A21A19FB700124C37 /* Base */,
			);
			name = Main.storyboard;
			sourceTree = "<group>";
		};
/* End PBXVariantGroup section */

/* Begin XCBuildConfiguration section */
		F8E6E01E21A19FB700124C37 /* Debug */ = {
			isa = XCBuildConfiguration;
			buildSettings = {
				ALWAYS_SEARCH_USER_PATHS = NO;
				CLANG_ANALYZER_NONNULL = YES;
				CLANG_ANALYZER_NUMBER_OBJECT_CONVERSION = YES_AGGRESSIVE;
				CLANG_CXX_LANGUAGE_STANDARD = "gnu++14";
				CLANG_CXX_LIBRARY = "libc++";
				CLANG_ENABLE_MODULES = YES;
				CLANG_ENABLE_OBJC_ARC = YES;
				CLANG_ENABLE_OBJC_WEAK = YES;
				CLANG_WARN_BLOCK_CAPTURE_AUTORELEASING = YES;
				CLANG_WARN_BOOL_CONVERSION = YES;
				CLANG_WARN_COMMA = YES;
				CLANG_WARN_CONSTANT_CONVERSION = YES;
				CLANG_WARN_DEPRECATED_OBJC_IMPLEMENTATIONS = YES;
				CLANG_WARN_DIRECT_OBJC_ISA_USAGE = YES_ERROR;
				CLANG_WARN_DOCUMENTATION_COMMENTS = YES;
				CLANG_WARN_EMPTY_BODY = YES;
				CLANG_WARN_ENUM_CONVERSION = YES;
				CLANG_WARN_INFINITE_RECURSION = YES;
				CLANG_WARN_INT_CONVERSION = YES;
				CLANG_WARN_NON_LITERAL_NULL_CONVERSION = YES;
				CLANG_WARN_OBJC_IMPLICIT_RETAIN_SELF = YES;
				CLANG_WARN_OBJC_LITERAL_CONVERSION = YES;
				CLANG_WARN_OBJC_ROOT_CLASS = YES_ERROR;
				CLANG_WARN_RANGE_LOOP_ANALYSIS = YES;
				CLANG_WARN_STRICT_PROTOTYPES = YES;
				CLANG_WARN_SUSPICIOUS_MOVE = YES;
				CLANG_WARN_UNGUARDED_AVAILABILITY = YES_AGGRESSIVE;
				CLANG_WARN_UNREACHABLE_CODE = YES;
				CLANG_WARN__DUPLICATE_METHOD_MATCH = YES;
				CODE_SIGN_IDENTITY = "Mac Developer";
				COPY_PHASE_STRIP = NO;
				DEBUG_INFORMATION_FORMAT = dwarf;
				ENABLE_STRICT_OBJC_MSGSEND = YES;
				ENABLE_TESTABILITY = YES;
				GCC_C_LANGUAGE_STANDARD = gnu11;
				GCC_DYNAMIC_NO_PIC = NO;
				GCC_NO_COMMON_BLOCKS = YES;
				GCC_OPTIMIZATION_LEVEL = 0;
				GCC_PREPROCESSOR_DEFINITIONS = (
					"DEBUG=1",
					"$(inherited)",
				);
				GCC_WARN_64_TO_32_BIT_CONVERSION = YES;
				GCC_WARN_ABOUT_RETURN_TYPE = YES_ERROR;
				GCC_WARN_UNDECLARED_SELECTOR = YES;
				GCC_WARN_UNINITIALIZED_AUTOS = YES_AGGRESSIVE;
				GCC_WARN_UNUSED_FUNCTION = YES;
				GCC_WARN_UNUSED_VARIABLE = YES;
				MACOSX_DEPLOYMENT_TARGET = 10.13;
				MTL_ENABLE_DEBUG_INFO = INCLUDE_SOURCE;
				MTL_FAST_MATH = YES;
				ONLY_ACTIVE_ARCH = YES;
				SDKROOT = macosx;
				SWIFT_ACTIVE_COMPILATION_CONDITIONS = DEBUG;
				SWIFT_OPTIMIZATION_LEVEL = "-Onone";
			};
			name = Debug;
		};
		F8E6E01F21A19FB700124C37 /* Release */ = {
			isa = XCBuildConfiguration;
			buildSettings = {
				ALWAYS_SEARCH_USER_PATHS = NO;
				CLANG_ANALYZER_NONNULL = YES;
				CLANG_ANALYZER_NUMBER_OBJECT_CONVERSION = YES_AGGRESSIVE;
				CLANG_CXX_LANGUAGE_STANDARD = "gnu++14";
				CLANG_CXX_LIBRARY = "libc++";
				CLANG_ENABLE_MODULES = YES;
				CLANG_ENABLE_OBJC_ARC = YES;
				CLANG_ENABLE_OBJC_WEAK = YES;
				CLANG_WARN_BLOCK_CAPTURE_AUTORELEASING = YES;
				CLANG_WARN_BOOL_CONVERSION = YES;
				CLANG_WARN_COMMA = YES;
				CLANG_WARN_CONSTANT_CONVERSION = YES;
				CLANG_WARN_DEPRECATED_OBJC_IMPLEMENTATIONS = YES;
				CLANG_WARN_DIRECT_OBJC_ISA_USAGE = YES_ERROR;
				CLANG_WARN_DOCUMENTATION_COMMENTS = YES;
				CLANG_WARN_EMPTY_BODY = YES;
				CLANG_WARN_ENUM_CONVERSION = YES;
				CLANG_WARN_INFINITE_RECURSION = YES;
				CLANG_WARN_INT_CONVERSION = YES;
				CLANG_WARN_NON_LITERAL_NULL_CONVERSION = YES;
				CLANG_WARN_OBJC_IMPLICIT_RETAIN_SELF = YES;
				CLANG_WARN_OBJC_LITERAL_CONVERSION = YES;
				CLANG_WARN_OBJC_ROOT_CLASS = YES_ERROR;
				CLANG_WARN_RANGE_LOOP_ANALYSIS = YES;
				CLANG_WARN_STRICT_PROTOTYPES = YES;
				CLANG_WARN_SUSPICIOUS_MOVE = YES;
				CLANG_WARN_UNGUARDED_AVAILABILITY = YES_AGGRESSIVE;
				CLANG_WARN_UNREACHABLE_CODE = YES;
				CLANG_WARN__DUPLICATE_METHOD_MATCH = YES;
				CODE_SIGN_IDENTITY = "Mac Developer";
				COPY_PHASE_STRIP = NO;
				DEBUG_INFORMATION_FORMAT = "dwarf-with-dsym";
				ENABLE_NS_ASSERTIONS = NO;
				ENABLE_STRICT_OBJC_MSGSEND = YES;
				GCC_C_LANGUAGE_STANDARD = gnu11;
				GCC_NO_COMMON_BLOCKS = YES;
				GCC_WARN_64_TO_32_BIT_CONVERSION = YES;
				GCC_WARN_ABOUT_RETURN_TYPE = YES_ERROR;
				GCC_WARN_UNDECLARED_SELECTOR = YES;
				GCC_WARN_UNINITIALIZED_AUTOS = YES_AGGRESSIVE;
				GCC_WARN_UNUSED_FUNCTION = YES;
				GCC_WARN_UNUSED_VARIABLE = YES;
				MACOSX_DEPLOYMENT_TARGET = 10.13;
				MTL_ENABLE_DEBUG_INFO = NO;
				MTL_FAST_MATH = YES;
				SDKROOT = macosx;
				SWIFT_COMPILATION_MODE = wholemodule;
				SWIFT_OPTIMIZATION_LEVEL = "-O";
			};
			name = Release;
		};
		F8E6E02121A19FB700124C37 /* Debug */ = {
			isa = XCBuildConfiguration;
			buildSettings = {
				ASSETCATALOG_COMPILER_APPICON_NAME = AppIcon;
				CODE_SIGN_ENTITLEMENTS = BattleCityClone/BattleCityClone.entitlements;
				CODE_SIGN_STYLE = Automatic;
				COMBINE_HIDPI_IMAGES = YES;
				DEVELOPMENT_TEAM = J77L9EFZEW;
				INFOPLIST_FILE = BattleCityClone/Info.plist;
				LD_RUNPATH_SEARCH_PATHS = (
					"$(inherited)",
					"@executable_path/../Frameworks",
				);
				PRODUCT_BUNDLE_IDENTIFIER = com.oleygen.BattleCityClone;
				PRODUCT_NAME = "$(TARGET_NAME)";
				SWIFT_VERSION = 4.2;
			};
			name = Debug;
		};
		F8E6E02221A19FB700124C37 /* Release */ = {
			isa = XCBuildConfiguration;
			buildSettings = {
				ASSETCATALOG_COMPILER_APPICON_NAME = AppIcon;
				CODE_SIGN_ENTITLEMENTS = BattleCityClone/BattleCityClone.entitlements;
				CODE_SIGN_STYLE = Automatic;
				COMBINE_HIDPI_IMAGES = YES;
				DEVELOPMENT_TEAM = J77L9EFZEW;
				INFOPLIST_FILE = BattleCityClone/Info.plist;
				LD_RUNPATH_SEARCH_PATHS = (
					"$(inherited)",
					"@executable_path/../Frameworks",
				);
				PRODUCT_BUNDLE_IDENTIFIER = com.oleygen.BattleCityClone;
				PRODUCT_NAME = "$(TARGET_NAME)";
				SWIFT_VERSION = 4.2;
			};
			name = Release;
		};
/* End XCBuildConfiguration section */

/* Begin XCConfigurationList section */
		F8E6E00521A19FB600124C37 /* Build configuration list for PBXProject "BattleCityClone" */ = {
			isa = XCConfigurationList;
			buildConfigurations = (
				F8E6E01E21A19FB700124C37 /* Debug */,
				F8E6E01F21A19FB700124C37 /* Release */,
			);
			defaultConfigurationIsVisible = 0;
			defaultConfigurationName = Release;
		};
		F8E6E02021A19FB700124C37 /* Build configuration list for PBXNativeTarget "BattleCityClone" */ = {
			isa = XCConfigurationList;
			buildConfigurations = (
				F8E6E02121A19FB700124C37 /* Debug */,
				F8E6E02221A19FB700124C37 /* Release */,
			);
			defaultConfigurationIsVisible = 0;
			defaultConfigurationName = Release;
		};
/* End XCConfigurationList section */
	};
	rootObject = F8E6E00221A19FB600124C37 /* Project object */;
}
